
Microsoft Visual Studio Solution File, Format Version 12.00
# Visual Studio Version 17
VisualStudioVersion = 17.4.33213.308
MinimumVisualStudioVersion = 10.0.40219.1
Project("{FAE04EC0-301F-11D3-BF4B-00C04F79EFBC}") = "RemarkableSync", "RemarkableSync\RemarkableSync.csproj", "{090B923F-25A0-4204-846C-71C0C7F50743}"
EndProject
Project("{FAE04EC0-301F-11D3-BF4B-00C04F79EFBC}") = "ConsoleTest", "ConsoleTest\ConsoleTest.csproj", "{C23909A9-5D87-4E94-B69D-B87150054B3F}"
	ProjectSection(ProjectDependencies) = postProject
		{6FA7BD3B-28C8-4B93-B0AC-99F022986488} = {6FA7BD3B-28C8-4B93-B0AC-99F022986488}
		{090B923F-25A0-4204-846C-71C0C7F50743} = {090B923F-25A0-4204-846C-71C0C7F50743}
	EndProjectSection
EndProject
Project("{FAE04EC0-301F-11D3-BF4B-00C04F79EFBC}") = "OnenoteAddin", "OnenoteAddin\OnenoteAddin.csproj", "{6FA7BD3B-28C8-4B93-B0AC-99F022986488}"
	ProjectSection(ProjectDependencies) = postProject
		{090B923F-25A0-4204-846C-71C0C7F50743} = {090B923F-25A0-4204-846C-71C0C7F50743}
	EndProjectSection
EndProject
Project("{54435603-DBB4-11D2-8724-00A0C9A8B90C}") = "OnenoteAddinSetup", "OnenoteAddinSetup\OnenoteAddinSetup.vdproj", "{166B26BF-F8F8-4298-8D8A-A27420646FE6}"
EndProject
Global
	GlobalSection(SolutionConfigurationPlatforms) = preSolution
		Debug|Any CPU = Debug|Any CPU
		Debug|x64 = Debug|x64
		Debug|x86 = Debug|x86
		Release|Any CPU = Release|Any CPU
		Release|x64 = Release|x64
		Release|x86 = Release|x86
	EndGlobalSection
	GlobalSection(ProjectConfigurationPlatforms) = postSolution
		{090B923F-25A0-4204-846C-71C0C7F50743}.Debug|Any CPU.ActiveCfg = Debug|Any CPU
		{090B923F-25A0-4204-846C-71C0C7F50743}.Debug|Any CPU.Build.0 = Debug|Any CPU
		{090B923F-25A0-4204-846C-71C0C7F50743}.Debug|x64.ActiveCfg = Debug|x64
		{090B923F-25A0-4204-846C-71C0C7F50743}.Debug|x64.Build.0 = Debug|x64
		{090B923F-25A0-4204-846C-71C0C7F50743}.Debug|x86.ActiveCfg = Debug|x86
		{090B923F-25A0-4204-846C-71C0C7F50743}.Debug|x86.Build.0 = Debug|x86
		{090B923F-25A0-4204-846C-71C0C7F50743}.Release|Any CPU.ActiveCfg = Release|Any CPU
		{090B923F-25A0-4204-846C-71C0C7F50743}.Release|Any CPU.Build.0 = Release|Any CPU
		{090B923F-25A0-4204-846C-71C0C7F50743}.Release|x64.ActiveCfg = Release|x64
		{090B923F-25A0-4204-846C-71C0C7F50743}.Release|x64.Build.0 = Release|x64
		{090B923F-25A0-4204-846C-71C0C7F50743}.Release|x86.ActiveCfg = Release|x86
		{090B923F-25A0-4204-846C-71C0C7F50743}.Release|x86.Build.0 = Release|x86
		{C23909A9-5D87-4E94-B69D-B87150054B3F}.Debug|Any CPU.ActiveCfg = Debug|Any CPU
		{C23909A9-5D87-4E94-B69D-B87150054B3F}.Debug|Any CPU.Build.0 = Debug|Any CPU
		{C23909A9-5D87-4E94-B69D-B87150054B3F}.Debug|x64.ActiveCfg = Debug|x64
		{C23909A9-5D87-4E94-B69D-B87150054B3F}.Debug|x64.Build.0 = Debug|x64
		{C23909A9-5D87-4E94-B69D-B87150054B3F}.Debug|x86.ActiveCfg = Debug|x86
		{C23909A9-5D87-4E94-B69D-B87150054B3F}.Debug|x86.Build.0 = Debug|x86
		{C23909A9-5D87-4E94-B69D-B87150054B3F}.Release|Any CPU.ActiveCfg = Release|Any CPU
		{C23909A9-5D87-4E94-B69D-B87150054B3F}.Release|Any CPU.Build.0 = Release|Any CPU
		{C23909A9-5D87-4E94-B69D-B87150054B3F}.Release|x64.ActiveCfg = Release|x64
		{C23909A9-5D87-4E94-B69D-B87150054B3F}.Release|x86.ActiveCfg = Release|x86
		{C23909A9-5D87-4E94-B69D-B87150054B3F}.Release|x86.Build.0 = Release|x86
		{6FA7BD3B-28C8-4B93-B0AC-99F022986488}.Debug|Any CPU.ActiveCfg = Debug|Any CPU
		{6FA7BD3B-28C8-4B93-B0AC-99F022986488}.Debug|Any CPU.Build.0 = Debug|Any CPU
		{6FA7BD3B-28C8-4B93-B0AC-99F022986488}.Debug|x64.ActiveCfg = Debug|x64
		{6FA7BD3B-28C8-4B93-B0AC-99F022986488}.Debug|x64.Build.0 = Debug|x64
		{6FA7BD3B-28C8-4B93-B0AC-99F022986488}.Debug|x86.ActiveCfg = Debug|x86
		{6FA7BD3B-28C8-4B93-B0AC-99F022986488}.Debug|x86.Build.0 = Debug|x86
		{6FA7BD3B-28C8-4B93-B0AC-99F022986488}.Release|Any CPU.ActiveCfg = Release|Any CPU
		{6FA7BD3B-28C8-4B93-B0AC-99F022986488}.Release|Any CPU.Build.0 = Release|Any CPU
		{6FA7BD3B-28C8-4B93-B0AC-99F022986488}.Release|x64.ActiveCfg = Release|x64
		{6FA7BD3B-28C8-4B93-B0AC-99F022986488}.Release|x64.Build.0 = Release|x64
		{6FA7BD3B-28C8-4B93-B0AC-99F022986488}.Release|x86.ActiveCfg = Release|x86
		{6FA7BD3B-28C8-4B93-B0AC-99F022986488}.Release|x86.Build.0 = Release|x86
		{166B26BF-F8F8-4298-8D8A-A27420646FE6}.Debug|Any CPU.ActiveCfg = Debug
		{166B26BF-F8F8-4298-8D8A-A27420646FE6}.Debug|x64.ActiveCfg = Debug
		{166B26BF-F8F8-4298-8D8A-A27420646FE6}.Debug|x86.ActiveCfg = Debug
		{166B26BF-F8F8-4298-8D8A-A27420646FE6}.Release|Any CPU.ActiveCfg = Release
		{166B26BF-F8F8-4298-8D8A-A27420646FE6}.Release|x64.ActiveCfg = Release
		{166B26BF-F8F8-4298-8D8A-A27420646FE6}.Release|x86.ActiveCfg = Release
	EndGlobalSection
	GlobalSection(SolutionProperties) = preSolution
		HideSolutionNode = FALSE
	EndGlobalSection
	GlobalSection(ExtensibilityGlobals) = postSolution
		SolutionGuid = {F5BFB75C-3002-4750-92C0-6D80B004C4A7}
	EndGlobalSection
EndGlobal
